github.com/bits-and-blooms/bitset v1.14.3 h1:Gd2c8lSNf9pKXom5JtD7AaKO8o7fGQ2LtFj1436qilA=
github.com/bits-and-blooms/bitset v1.14.3/go.mod h1:7hO7Gc7Pp1vODcmWvKMRA9BNmbv6a/7QIWpPxHddWR8=
github.com/failsafe-go/failsafe-go v0.6.9 h1:7HWEzOlFOjNerxgWd8onWA2j/aEuqyAtuX6uWya/364=
github.com/failsafe-go/failsafe-go v0.6.9/go.mod h1:zb7xfp1/DJ7Mn4xJhVSZ9F2qmmMEGvYHxEOHYK5SIm0=
